{
  "name": "smithery-cli-pin",
  "lockfileVersion": 3,
  "requires": true,
  "packages": {
    "": {
      "name": "smithery-cli-pin",
      "dependencies": {
        "@smithery/cli": "4.11.1"
      }
    },
    "node_modules/@smithery/cli": {
      "version": "4.11.1",
      "resolved": "https://registry.npmjs.org/@smithery/cli/-/cli-4.11.1.tgz",
      "integrity": "sha512-GL8G6bXm78fgvMjjyPtO+x+wQfu0SRFqKaQK50w1iZHgqkNajGtpowXt+MeCg8zY8ZM3OsH5eqRESKL3ptZ3Ug==",
      "hasInstallScript": true,
      "bin": {
        "smithery": "dist/index.js"
      },
      "engines": {
        "node": ">=20.0.0"
      },
      "peerDependencies": {
        "zod": "^3.20.0 || ^4"
      }
    },
    "node_modules/zod": {
      "version": "4.4.3",
      "resolved": "https://registry.npmjs.org/zod/-/zod-4.4.3.tgz",
      "integrity": "sha512-ytENFjIJFl2UwYglde2jchW2Hwm4GJFLDiSXWdTrJQBIN9Fcyp7n4DhxJEiWNAJMV1/BqWfW/kkg71UDcHJyTQ==",
      "license": "MIT",
      "peer": true,
      "funding": {
        "url": "https://github.com/sponsors/colinhacks"
      }
    }
  }
}
